
Microsoft Visual Studio Solution File, Format Version 12.00
# Visual Studio Version 16
VisualStudioVersion = 16.0.29920.165
MinimumVisualStudioVersion = 10.0.40219.1
Project("{9A19103F-16F7-4668-BE54-9A1E7A4F7556}") = "ACNH_Marketplace.Telegram", "ACNH_Marketplace.Telegram\ACNH_Marketplace.Telegram.csproj", "{D82A434C-5AEB-4D9E-9FA4-7894042767AE}"
EndProject
Project("{9A19103F-16F7-4668-BE54-9A1E7A4F7556}") = "ACNH_Marketplace.DataBase", "ACNH_Marketplace.DataBase\ACNH_Marketplace.DataBase.csproj", "{14B1322D-3961-40DB-AD21-70AA25748CBC}"
EndProject
Project("{9A19103F-16F7-4668-BE54-9A1E7A4F7556}") = "ACNH_Marketplace.Web", "ACNH_Marketplace.Web\ACNH_Marketplace.Web.csproj", "{525BF58C-D049-443B-9AE2-3F257B80BC20}"
EndProject
Project("{2150E333-8FDC-42A3-9474-1A3956D46DE8}") = "Solution Items", "Solution Items", "{1A4547A0-BC8E-4930-BDFC-A19317C0FC2F}"
	ProjectSection(SolutionItems) = preProject
		.editorconfig = .editorconfig
	EndProjectSection
EndProject
Global
	GlobalSection(SolutionConfigurationPlatforms) = preSolution
		Debug|Any CPU = Debug|Any CPU
		Release|Any CPU = Release|Any CPU
	EndGlobalSection
	GlobalSection(ProjectConfigurationPlatforms) = postSolution
		{D82A434C-5AEB-4D9E-9FA4-7894042767AE}.Debug|Any CPU.ActiveCfg = Debug|Any CPU
		{D82A434C-5AEB-4D9E-9FA4-7894042767AE}.Debug|Any CPU.Build.0 = Debug|Any CPU
		{D82A434C-5AEB-4D9E-9FA4-7894042767AE}.Release|Any CPU.ActiveCfg = Release|Any CPU
		{D82A434C-5AEB-4D9E-9FA4-7894042767AE}.Release|Any CPU.Build.0 = Release|Any CPU
		{14B1322D-3961-40DB-AD21-70AA25748CBC}.Debug|Any CPU.ActiveCfg = Debug|Any CPU
		{14B1322D-3961-40DB-AD21-70AA25748CBC}.Debug|Any CPU.Build.0 = Debug|Any CPU
		{14B1322D-3961-40DB-AD21-70AA25748CBC}.Release|Any CPU.ActiveCfg = Release|Any CPU
		{14B1322D-3961-40DB-AD21-70AA25748CBC}.Release|Any CPU.Build.0 = Release|Any CPU
		{525BF58C-D049-443B-9AE2-3F257B80BC20}.Debug|Any CPU.ActiveCfg = Debug|Any CPU
		{525BF58C-D049-443B-9AE2-3F257B80BC20}.Debug|Any CPU.Build.0 = Debug|Any CPU
		{525BF58C-D049-443B-9AE2-3F257B80BC20}.Release|Any CPU.ActiveCfg = Release|Any CPU
		{525BF58C-D049-443B-9AE2-3F257B80BC20}.Release|Any CPU.Build.0 = Release|Any CPU
	EndGlobalSection
	GlobalSection(SolutionProperties) = preSolution
		HideSolutionNode = FALSE
	EndGlobalSection
	GlobalSection(ExtensibilityGlobals) = postSolution
		SolutionGuid = {E2E8A36B-C787-421D-BADC-CB91F1BE9727}
	EndGlobalSection
EndGlobal
